Microsoft Visual Studio Solution File, Format Version 8.00
Project("{FAE04EC0-301F-11D3-BF4B-00C04F79EFBC}") = "Project  1", "Project  1\Project  1.csproj", "{820B8403-8907-401C-A760-03E5B12D42DE}"
	ProjectSection(ProjectDependencies) = postProject
	EndProjectSection
EndProject
Global
	GlobalSection(SolutionConfiguration) = preSolution
		Debug = Debug
		Release = Release
	EndGlobalSection
	GlobalSection(ProjectConfiguration) = postSolution
		{820B8403-8907-401C-A760-03E5B12D42DE}.Debug.ActiveCfg = Debug|.NET
		{820B8403-8907-401C-A760-03E5B12D42DE}.Debug.Build.0 = Debug|.NET
		{820B8403-8907-401C-A760-03E5B12D42DE}.Release.ActiveCfg = Release|.NET
		{820B8403-8907-401C-A760-03E5B12D42DE}.Release.Build.0 = Release|.NET
	EndGlobalSection
	GlobalSection(ExtensibilityGlobals) = postSolution
	EndGlobalSection
	GlobalSection(ExtensibilityAddIns) = postSolution
	EndGlobalSection
EndGlobal
