Microsoft Visual Studio Solution File, Format Version 8.00
Project("{FAE04EC0-301F-11D3-BF4B-00C04F79EFBC}") = "Udper-Server", "Udper-Server\Udper-Server.csproj", "{4FB983D5-8AAA-4142-9843-E285B07715CA}"
	ProjectSection(ProjectDependencies) = postProject
	EndProjectSection
EndProject
Global
	GlobalSection(SolutionConfiguration) = preSolution
		Debug = Debug
		Release = Release
	EndGlobalSection
	GlobalSection(ProjectConfiguration) = postSolution
		{4FB983D5-8AAA-4142-9843-E285B07715CA}.Debug.ActiveCfg = Debug|.NET
		{4FB983D5-8AAA-4142-9843-E285B07715CA}.Debug.Build.0 = Debug|.NET
		{4FB983D5-8AAA-4142-9843-E285B07715CA}.Release.ActiveCfg = Release|.NET
		{4FB983D5-8AAA-4142-9843-E285B07715CA}.Release.Build.0 = Release|.NET
	EndGlobalSection
	GlobalSection(ExtensibilityGlobals) = postSolution
	EndGlobalSection
	GlobalSection(ExtensibilityAddIns) = postSolution
	EndGlobalSection
EndGlobal
