Microsoft Visual Studio Solution File, Format Version 8.00
Project("{FAE04EC0-301F-11D3-BF4B-00C04F79EFBC}") = "Senderer-Server", "Senderer-Server\Senderer-Server.csproj", "{11433E43-F64B-43FC-8049-7300ED9EF5E8}"
	ProjectSection(ProjectDependencies) = postProject
	EndProjectSection
EndProject
Global
	GlobalSection(SolutionConfiguration) = preSolution
		Debug = Debug
		Release = Release
	EndGlobalSection
	GlobalSection(ProjectConfiguration) = postSolution
		{11433E43-F64B-43FC-8049-7300ED9EF5E8}.Debug.ActiveCfg = Debug|.NET
		{11433E43-F64B-43FC-8049-7300ED9EF5E8}.Debug.Build.0 = Debug|.NET
		{11433E43-F64B-43FC-8049-7300ED9EF5E8}.Release.ActiveCfg = Release|.NET
		{11433E43-F64B-43FC-8049-7300ED9EF5E8}.Release.Build.0 = Release|.NET
	EndGlobalSection
	GlobalSection(ExtensibilityGlobals) = postSolution
	EndGlobalSection
	GlobalSection(ExtensibilityAddIns) = postSolution
	EndGlobalSection
EndGlobal
