Microsoft Visual Studio Solution File, Format Version 8.00
Project("{FAE04EC0-301F-11D3-BF4B-00C04F79EFBC}") = "Example 3-3", "Example 3-3.csproj", "{2A259A4E-5DF3-4911-ABDE-5DC5C8905C69}"
	ProjectSection(ProjectDependencies) = postProject
	EndProjectSection
EndProject
Global
	GlobalSection(SolutionConfiguration) = preSolution
		Debug = Debug
		Release = Release
	EndGlobalSection
	GlobalSection(ProjectConfiguration) = postSolution
		{2A259A4E-5DF3-4911-ABDE-5DC5C8905C69}.Debug.ActiveCfg = Debug|.NET
		{2A259A4E-5DF3-4911-ABDE-5DC5C8905C69}.Debug.Build.0 = Debug|.NET
		{2A259A4E-5DF3-4911-ABDE-5DC5C8905C69}.Release.ActiveCfg = Release|.NET
		{2A259A4E-5DF3-4911-ABDE-5DC5C8905C69}.Release.Build.0 = Release|.NET
	EndGlobalSection
	GlobalSection(ExtensibilityGlobals) = postSolution
	EndGlobalSection
	GlobalSection(ExtensibilityAddIns) = postSolution
	EndGlobalSection
EndGlobal
