Microsoft Visual Studio Solution File, Format Version 8.00
Project("{FAE04EC0-301F-11D3-BF4B-00C04F79EFBC}") = "Example 2-1", "Example 2-1.csproj", "{8913DB82-782D-47A1-8030-B1A742F0B038}"
	ProjectSection(ProjectDependencies) = postProject
	EndProjectSection
EndProject
Global
	GlobalSection(SolutionConfiguration) = preSolution
		Debug = Debug
		Release = Release
	EndGlobalSection
	GlobalSection(ProjectConfiguration) = postSolution
		{8913DB82-782D-47A1-8030-B1A742F0B038}.Debug.ActiveCfg = Debug|.NET
		{8913DB82-782D-47A1-8030-B1A742F0B038}.Debug.Build.0 = Debug|.NET
		{8913DB82-782D-47A1-8030-B1A742F0B038}.Release.ActiveCfg = Release|.NET
		{8913DB82-782D-47A1-8030-B1A742F0B038}.Release.Build.0 = Release|.NET
	EndGlobalSection
	GlobalSection(ExtensibilityGlobals) = postSolution
	EndGlobalSection
	GlobalSection(ExtensibilityAddIns) = postSolution
	EndGlobalSection
EndGlobal
