Microsoft Visual Studio Solution File, Format Version 8.00
Project("{FAE04EC0-301F-11D3-BF4B-00C04F79EFBC}") = "Project 2", "Project 2.csproj", "{A6A11755-A4F7-4A02-8D91-DE3AAD9825B6}"
	ProjectSection(ProjectDependencies) = postProject
	EndProjectSection
EndProject
Global
	GlobalSection(SolutionConfiguration) = preSolution
		Debug = Debug
		Release = Release
	EndGlobalSection
	GlobalSection(ProjectConfiguration) = postSolution
		{A6A11755-A4F7-4A02-8D91-DE3AAD9825B6}.Debug.ActiveCfg = Debug|.NET
		{A6A11755-A4F7-4A02-8D91-DE3AAD9825B6}.Debug.Build.0 = Debug|.NET
		{A6A11755-A4F7-4A02-8D91-DE3AAD9825B6}.Release.ActiveCfg = Release|.NET
		{A6A11755-A4F7-4A02-8D91-DE3AAD9825B6}.Release.Build.0 = Release|.NET
	EndGlobalSection
	GlobalSection(ExtensibilityGlobals) = postSolution
	EndGlobalSection
	GlobalSection(ExtensibilityAddIns) = postSolution
	EndGlobalSection
EndGlobal
