Microsoft Visual Studio Solution File, Format Version 8.00
Project("{FAE04EC0-301F-11D3-BF4B-00C04F79EFBC}") = "Project 4", "Project 4\Project 4.csproj", "{493F83CD-39D9-4D65-9E6F-D7498B1E1F33}"
	ProjectSection(ProjectDependencies) = postProject
	EndProjectSection
EndProject
Global
	GlobalSection(SolutionConfiguration) = preSolution
		Debug = Debug
		Release = Release
	EndGlobalSection
	GlobalSection(ProjectConfiguration) = postSolution
		{493F83CD-39D9-4D65-9E6F-D7498B1E1F33}.Debug.ActiveCfg = Debug|.NET
		{493F83CD-39D9-4D65-9E6F-D7498B1E1F33}.Debug.Build.0 = Debug|.NET
		{493F83CD-39D9-4D65-9E6F-D7498B1E1F33}.Release.ActiveCfg = Release|.NET
		{493F83CD-39D9-4D65-9E6F-D7498B1E1F33}.Release.Build.0 = Release|.NET
	EndGlobalSection
	GlobalSection(ExtensibilityGlobals) = postSolution
	EndGlobalSection
	GlobalSection(ExtensibilityAddIns) = postSolution
	EndGlobalSection
EndGlobal
